
Microsoft Visual Studio Solution File, Format Version 12.00
# Visual Studio Version 17
VisualStudioVersion = 17.10.34928.147
MinimumVisualStudioVersion = 10.0.40219.1
Project("{FAE04EC0-301F-11D3-BF4B-00C04F79EFBC}") = "WS.MvcUI", "WS.MvcUI\WS.MvcUI.csproj", "{ED35DB85-2FA4-4921-A1AF-71FC3B201829}"
EndProject
Global
	GlobalSection(SolutionConfigurationPlatforms) = preSolution
		Debug|Any CPU = Debug|Any CPU
		Release|Any CPU = Release|Any CPU
	EndGlobalSection
	GlobalSection(ProjectConfigurationPlatforms) = postSolution
		{ED35DB85-2FA4-4921-A1AF-71FC3B201829}.Debug|Any CPU.ActiveCfg = Debug|Any CPU
		{ED35DB85-2FA4-4921-A1AF-71FC3B201829}.Debug|Any CPU.Build.0 = Debug|Any CPU
		{ED35DB85-2FA4-4921-A1AF-71FC3B201829}.Release|Any CPU.ActiveCfg = Release|Any CPU
		{ED35DB85-2FA4-4921-A1AF-71FC3B201829}.Release|Any CPU.Build.0 = Release|Any CPU
	EndGlobalSection
	GlobalSection(SolutionProperties) = preSolution
		HideSolutionNode = FALSE
	EndGlobalSection
	GlobalSection(ExtensibilityGlobals) = postSolution
		SolutionGuid = {F3685A23-C9E9-4FD5-8567-3D346E28EA2F}
	EndGlobalSection
EndGlobal
